
Microsoft Visual Studio Solution File, Format Version 12.00
# Visual Studio Version 17
VisualStudioVersion = 17.4.33213.308
MinimumVisualStudioVersion = 10.0.40219.1
Project("{9A19103F-16F7-4668-BE54-9A1E7A4F7556}") = "WebApiControlStock", "WebApiControlStock\WebApiControlStock.csproj", "{9584F453-74BB-4E1E-BEBD-F6F6EB6B113A}"
EndProject
Global
	GlobalSection(SolutionConfigurationPlatforms) = preSolution
		Debug|Any CPU = Debug|Any CPU
		Release|Any CPU = Release|Any CPU
	EndGlobalSection
	GlobalSection(ProjectConfigurationPlatforms) = postSolution
		{9584F453-74BB-4E1E-BEBD-F6F6EB6B113A}.Debug|Any CPU.ActiveCfg = Debug|Any CPU
		{9584F453-74BB-4E1E-BEBD-F6F6EB6B113A}.Debug|Any CPU.Build.0 = Debug|Any CPU
		{9584F453-74BB-4E1E-BEBD-F6F6EB6B113A}.Release|Any CPU.ActiveCfg = Release|Any CPU
		{9584F453-74BB-4E1E-BEBD-F6F6EB6B113A}.Release|Any CPU.Build.0 = Release|Any CPU
	EndGlobalSection
	GlobalSection(SolutionProperties) = preSolution
		HideSolutionNode = FALSE
	EndGlobalSection
	GlobalSection(ExtensibilityGlobals) = postSolution
		SolutionGuid = {9999D34B-0554-468E-B1B7-BCC899A2FF1F}
	EndGlobalSection
EndGlobal
