
Microsoft Visual Studio Solution File, Format Version 12.00
# Visual Studio Version 17
VisualStudioVersion = 17.4.33205.214
MinimumVisualStudioVersion = 10.0.40219.1
Project("{9A19103F-16F7-4668-BE54-9A1E7A4F7556}") = "WebApiControlStock", "WebApiControlStock.csproj", "{90C0F6F3-A84D-4E9D-BE80-A51D4AF2401F}"
EndProject
Global
	GlobalSection(SolutionConfigurationPlatforms) = preSolution
		Debug|Any CPU = Debug|Any CPU
		Release|Any CPU = Release|Any CPU
	EndGlobalSection
	GlobalSection(ProjectConfigurationPlatforms) = postSolution
		{90C0F6F3-A84D-4E9D-BE80-A51D4AF2401F}.Debug|Any CPU.ActiveCfg = Debug|Any CPU
		{90C0F6F3-A84D-4E9D-BE80-A51D4AF2401F}.Debug|Any CPU.Build.0 = Debug|Any CPU
		{90C0F6F3-A84D-4E9D-BE80-A51D4AF2401F}.Release|Any CPU.ActiveCfg = Release|Any CPU
		{90C0F6F3-A84D-4E9D-BE80-A51D4AF2401F}.Release|Any CPU.Build.0 = Release|Any CPU
	EndGlobalSection
	GlobalSection(SolutionProperties) = preSolution
		HideSolutionNode = FALSE
	EndGlobalSection
	GlobalSection(ExtensibilityGlobals) = postSolution
		SolutionGuid = {A3725030-4C81-43AA-B75C-736E15611813}
	EndGlobalSection
EndGlobal
